
Microsoft Visual Studio Solution File, Format Version 12.00
# Visual Studio Version 16
VisualStudioVersion = 16.0.33130.400
MinimumVisualStudioVersion = 10.0.40219.1
Project("{FAE04EC0-301F-11D3-BF4B-00C04F79EFBC}") = "main_page", "main_page\main_page.csproj", "{769EA45B-09B0-4BAA-8175-0E330D93BE83}"
EndProject
Global
	GlobalSection(SolutionConfigurationPlatforms) = preSolution
		Debug|Any CPU = Debug|Any CPU
		Release|Any CPU = Release|Any CPU
	EndGlobalSection
	GlobalSection(ProjectConfigurationPlatforms) = postSolution
		{769EA45B-09B0-4BAA-8175-0E330D93BE83}.Debug|Any CPU.ActiveCfg = Debug|Any CPU
		{769EA45B-09B0-4BAA-8175-0E330D93BE83}.Debug|Any CPU.Build.0 = Debug|Any CPU
		{769EA45B-09B0-4BAA-8175-0E330D93BE83}.Release|Any CPU.ActiveCfg = Release|Any CPU
		{769EA45B-09B0-4BAA-8175-0E330D93BE83}.Release|Any CPU.Build.0 = Release|Any CPU
	EndGlobalSection
	GlobalSection(SolutionProperties) = preSolution
		HideSolutionNode = FALSE
	EndGlobalSection
	GlobalSection(ExtensibilityGlobals) = postSolution
		SolutionGuid = {32F8C702-A173-4C98-9CE8-113B36D43843}
	EndGlobalSection
EndGlobal
